
Microsoft Visual Studio Solution File, Format Version 12.00
# Visual Studio Version 17
VisualStudioVersion = 17.13.35931.197 d17.13
MinimumVisualStudioVersion = 10.0.40219.1
Project("{FAE04EC0-301F-11D3-BF4B-00C04F79EFBC}") = "Sheenam.Api", "Sheenam.Api\Sheenam.Api.csproj", "{26225F97-0C3F-4FA7-A516-48D657A600CA}"
EndProject
Global
	GlobalSection(SolutionConfigurationPlatforms) = preSolution
		Debug|Any CPU = Debug|Any CPU
		Release|Any CPU = Release|Any CPU
	EndGlobalSection
	GlobalSection(ProjectConfigurationPlatforms) = postSolution
		{26225F97-0C3F-4FA7-A516-48D657A600CA}.Debug|Any CPU.ActiveCfg = Debug|Any CPU
		{26225F97-0C3F-4FA7-A516-48D657A600CA}.Debug|Any CPU.Build.0 = Debug|Any CPU
		{26225F97-0C3F-4FA7-A516-48D657A600CA}.Release|Any CPU.ActiveCfg = Release|Any CPU
		{26225F97-0C3F-4FA7-A516-48D657A600CA}.Release|Any CPU.Build.0 = Release|Any CPU
	EndGlobalSection
	GlobalSection(SolutionProperties) = preSolution
		HideSolutionNode = FALSE
	EndGlobalSection
	GlobalSection(ExtensibilityGlobals) = postSolution
		SolutionGuid = {CACC6A9C-2F19-4523-A121-DD73CCA884D8}
	EndGlobalSection
EndGlobal
